// !$*UTF8*$!
{
	archiveVersion = 1;
	classes = {
	};
	objectVersion = 55;
	objects = {

/* Begin PBXBuildFile section */
		8E08C441287FF5430073DD4E /* AppDelegate.swift in Sources */ = {isa = PBXBuildFile; fileRef = 8E08C440287FF5430073DD4E /* AppDelegate.swift */; };
		8E08C443287FF5430073DD4E /* SceneDelegate.swift in Sources */ = {isa = PBXBuildFile; fileRef = 8E08C442287FF5430073DD4E /* SceneDelegate.swift */; };
		8E08C445287FF5430073DD4E /* ViewController.swift in Sources */ = {isa = PBXBuildFile; fileRef = 8E08C444287FF5430073DD4E /* ViewController.swift */; };
		8E08C448287FF5430073DD4E /* Main.storyboard in Resources */ = {isa = PBXBuildFile; fileRef = 8E08C446287FF5430073DD4E /* Main.storyboard */; };
		8E08C44A287FF5450073DD4E /* Assets.xcassets in Resources */ = {isa = PBXBuildFile; fileRef = 8E08C449287FF5450073DD4E /* Assets.xcassets */; };
		8E08C44D287FF5450073DD4E /* LaunchScreen.storyboard in Resources */ = {isa = PBXBuildFile; fileRef = 8E08C44B287FF5450073DD4E /* LaunchScreen.storyboard */; };
		8E08C457287FFCC10073DD4E /* MovieTableViewCell.swift in Sources */ = {isa = PBXBuildFile; fileRef = 8E08C455287FFCC10073DD4E /* MovieTableViewCell.swift */; };
		8E08C458287FFCC10073DD4E /* MovieTableViewCell.xib in Resources */ = {isa = PBXBuildFile; fileRef = 8E08C456287FFCC10073DD4E /* MovieTableViewCell.xib */; };
		8E22CA50288ED94A00D7A5A3 /* fonts.ttf in Resources */ = {isa = PBXBuildFile; fileRef = 8E22CA4F288ED94A00D7A5A3 /* fonts.ttf */; };
		8E794AE728801FE60032916A /* MovieModel.swift in Sources */ = {isa = PBXBuildFile; fileRef = 8E794AE628801FE60032916A /* MovieModel.swift */; };
		8E794AEA288020000032916A /* Request.swift in Sources */ = {isa = PBXBuildFile; fileRef = 8E794AE9288020000032916A /* Request.swift */; };
		8E794AED288046FC0032916A /* UIImageView+.swift in Sources */ = {isa = PBXBuildFile; fileRef = 8E794AEC288046FC0032916A /* UIImageView+.swift */; };
		8EE4A528288806BE00081E2B /* NoReviewsTableViewCell.swift in Sources */ = {isa = PBXBuildFile; fileRef = 8EE4A526288806BE00081E2B /* NoReviewsTableViewCell.swift */; };
		8EE4A529288806BE00081E2B /* NoReviewsTableViewCell.xib in Resources */ = {isa = PBXBuildFile; fileRef = 8EE4A527288806BE00081E2B /* NoReviewsTableViewCell.xib */; };
		8EE4A52C2888254E00081E2B /* StretchyTableHeaderView.swift in Sources */ = {isa = PBXBuildFile; fileRef = 8EE4A52B2888254E00081E2B /* StretchyTableHeaderView.swift */; };
		8EE4A536288846AC00081E2B /* WriteReviews.swift in Sources */ = {isa = PBXBuildFile; fileRef = 8EE4A534288846AC00081E2B /* WriteReviews.swift */; };
		8EE4A53B288846FE00081E2B /* WriteReviews.storyboard in Resources */ = {isa = PBXBuildFile; fileRef = 8EE4A53A288846FE00081E2B /* WriteReviews.storyboard */; };
		8EEE6C692885791800F2CD39 /* MovieCartTableViewCell.swift in Sources */ = {isa = PBXBuildFile; fileRef = 8EEE6C672885791800F2CD39 /* MovieCartTableViewCell.swift */; };
		8EEE6C6A2885791800F2CD39 /* MovieCartTableViewCell.xib in Resources */ = {isa = PBXBuildFile; fileRef = 8EEE6C682885791800F2CD39 /* MovieCartTableViewCell.xib */; };
		8EEE6C6D28857C8B00F2CD39 /* ReviewTableViewCell.swift in Sources */ = {isa = PBXBuildFile; fileRef = 8EEE6C6B28857C8B00F2CD39 /* ReviewTableViewCell.swift */; };
		8EEE6C6E28857C8B00F2CD39 /* ReviewTableViewCell.xib in Resources */ = {isa = PBXBuildFile; fileRef = 8EEE6C6C28857C8B00F2CD39 /* ReviewTableViewCell.xib */; };
		8EEE6C712885847400F2CD39 /* DescriptionTableViewCell.swift in Sources */ = {isa = PBXBuildFile; fileRef = 8EEE6C6F2885847400F2CD39 /* DescriptionTableViewCell.swift */; };
		8EEE6C722885847400F2CD39 /* DescriptionTableViewCell.xib in Resources */ = {isa = PBXBuildFile; fileRef = 8EEE6C702885847400F2CD39 /* DescriptionTableViewCell.xib */; };
		8EEE6C7528858EB900F2CD39 /* MovieCellType.swift in Sources */ = {isa = PBXBuildFile; fileRef = 8EEE6C7428858EB900F2CD39 /* MovieCellType.swift */; };
		8EF69F38288144890002C297 /* MovieViewController.swift in Sources */ = {isa = PBXBuildFile; fileRef = 8EF69F36288144890002C297 /* MovieViewController.swift */; };
		8EF69F3C288145790002C297 /* MovieDetails.storyboard in Resources */ = {isa = PBXBuildFile; fileRef = 8EF69F3B288145790002C297 /* MovieDetails.storyboard */; };
		8EF69F3F288147260002C297 /* Config.swift in Sources */ = {isa = PBXBuildFile; fileRef = 8EF69F3E288147260002C297 /* Config.swift */; };
		A885C54F3DA1BCED20424513 /* Pods_Movie.framework in Frameworks */ = {isa = PBXBuildFile; fileRef = F0EC514CA29CFAAF2F158C2C /* Pods_Movie.framework */; };
/* End PBXBuildFile section */

/* Begin PBXFileReference section */
		1A355C54699AF229C363FAE8 /* Pods-Movie.release.xcconfig */ = {isa = PBXFileReference; includeInIndex = 1; lastKnownFileType = text.xcconfig; name = "Pods-Movie.release.xcconfig"; path = "Target Support Files/Pods-Movie/Pods-Movie.release.xcconfig"; sourceTree = "<group>"; };
		8E08C43D287FF5430073DD4E /* Movie.app */ = {isa = PBXFileReference; explicitFileType = wrapper.application; includeInIndex = 0; path = Movie.app; sourceTree = BUILT_PRODUCTS_DIR; };
		8E08C440287FF5430073DD4E /* AppDelegate.swift */ = {isa = PBXFileReference; lastKnownFileType = sourcecode.swift; path = AppDelegate.swift; sourceTree = "<group>"; };
		8E08C442287FF5430073DD4E /* SceneDelegate.swift */ = {isa = PBXFileReference; lastKnownFileType = sourcecode.swift; path = SceneDelegate.swift; sourceTree = "<group>"; };
		8E08C444287FF5430073DD4E /* ViewController.swift */ = {isa = PBXFileReference; lastKnownFileType = sourcecode.swift; path = ViewController.swift; sourceTree = "<group>"; };
		8E08C447287FF5430073DD4E /* Base */ = {isa = PBXFileReference; lastKnownFileType = file.storyboard; name = Base; path = Base.lproj/Main.storyboard; sourceTree = "<group>"; };
		8E08C449287FF5450073DD4E /* Assets.xcassets */ = {isa = PBXFileReference; lastKnownFileType = folder.assetcatalog; path = Assets.xcassets; sourceTree = "<group>"; };
		8E08C44C287FF5450073DD4E /* Base */ = {isa = PBXFileReference; lastKnownFileType = file.storyboard; name = Base; path = Base.lproj/LaunchScreen.storyboard; sourceTree = "<group>"; };
		8E08C44E287FF5450073DD4E /* Info.plist */ = {isa = PBXFileReference; lastKnownFileType = text.plist.xml; path = Info.plist; sourceTree = "<group>"; };
		8E08C455287FFCC10073DD4E /* MovieTableViewCell.swift */ = {isa = PBXFileReference; lastKnownFileType = sourcecode.swift; path = MovieTableViewCell.swift; sourceTree = "<group>"; };
		8E08C456287FFCC10073DD4E /* MovieTableViewCell.xib */ = {isa = PBXFileReference; lastKnownFileType = file.xib; path = MovieTableViewCell.xib; sourceTree = "<group>"; };
		8E22CA4F288ED94A00D7A5A3 /* fonts.ttf */ = {isa = PBXFileReference; lastKnownFileType = file; path = fonts.ttf; sourceTree = "<group>"; };
		8E794AE628801FE60032916A /* MovieModel.swift */ = {isa = PBXFileReference; lastKnownFileType = sourcecode.swift; path = MovieModel.swift; sourceTree = "<group>"; };
		8E794AE9288020000032916A /* Request.swift */ = {isa = PBXFileReference; lastKnownFileType = sourcecode.swift; path = Request.swift; sourceTree = "<group>"; };
		8E794AEC288046FC0032916A /* UIImageView+.swift */ = {isa = PBXFileReference; lastKnownFileType = sourcecode.swift; path = "UIImageView+.swift"; sourceTree = "<group>"; };
		8EE4A526288806BE00081E2B /* NoReviewsTableViewCell.swift */ = {isa = PBXFileReference; lastKnownFileType = sourcecode.swift; path = NoReviewsTableViewCell.swift; sourceTree = "<group>"; };
		8EE4A527288806BE00081E2B /* NoReviewsTableViewCell.xib */ = {isa = PBXFileReference; lastKnownFileType = file.xib; path = NoReviewsTableViewCell.xib; sourceTree = "<group>"; };
		8EE4A52B2888254E00081E2B /* StretchyTableHeaderView.swift */ = {isa = PBXFileReference; lastKnownFileType = sourcecode.swift; path = StretchyTableHeaderView.swift; sourceTree = "<group>"; };
		8EE4A534288846AC00081E2B /* WriteReviews.swift */ = {isa = PBXFileReference; lastKnownFileType = sourcecode.swift; path = WriteReviews.swift; sourceTree = "<group>"; };
		8EE4A53A288846FE00081E2B /* WriteReviews.storyboard */ = {isa = PBXFileReference; lastKnownFileType = file.storyboard; path = WriteReviews.storyboard; sourceTree = "<group>"; };
		8EEE6C672885791800F2CD39 /* MovieCartTableViewCell.swift */ = {isa = PBXFileReference; lastKnownFileType = sourcecode.swift; path = MovieCartTableViewCell.swift; sourceTree = "<group>"; };
		8EEE6C682885791800F2CD39 /* MovieCartTableViewCell.xib */ = {isa = PBXFileReference; lastKnownFileType = file.xib; path = MovieCartTableViewCell.xib; sourceTree = "<group>"; };
		8EEE6C6B28857C8B00F2CD39 /* ReviewTableViewCell.swift */ = {isa = PBXFileReference; lastKnownFileType = sourcecode.swift; path = ReviewTableViewCell.swift; sourceTree = "<group>"; };
		8EEE6C6C28857C8B00F2CD39 /* ReviewTableViewCell.xib */ = {isa = PBXFileReference; lastKnownFileType = file.xib; path = ReviewTableViewCell.xib; sourceTree = "<group>"; };
		8EEE6C6F2885847400F2CD39 /* DescriptionTableViewCell.swift */ = {isa = PBXFileReference; lastKnownFileType = sourcecode.swift; path = DescriptionTableViewCell.swift; sourceTree = "<group>"; };
		8EEE6C702885847400F2CD39 /* DescriptionTableViewCell.xib */ = {isa = PBXFileReference; lastKnownFileType = file.xib; path = DescriptionTableViewCell.xib; sourceTree = "<group>"; };
		8EEE6C7428858EB900F2CD39 /* MovieCellType.swift */ = {isa = PBXFileReference; lastKnownFileType = sourcecode.swift; path = MovieCellType.swift; sourceTree = "<group>"; };
		8EF69F36288144890002C297 /* MovieViewController.swift */ = {isa = PBXFileReference; lastKnownFileType = sourcecode.swift; path = MovieViewController.swift; sourceTree = "<group>"; };
		8EF69F3B288145790002C297 /* MovieDetails.storyboard */ = {isa = PBXFileReference; lastKnownFileType = file.storyboard; path = MovieDetails.storyboard; sourceTree = "<group>"; };
		8EF69F3E288147260002C297 /* Config.swift */ = {isa = PBXFileReference; lastKnownFileType = sourcecode.swift; path = Config.swift; sourceTree = "<group>"; };
		A24224B143E8935CB4F8BD1B /* Pods-Movie.debug.xcconfig */ = {isa = PBXFileReference; includeInIndex = 1; lastKnownFileType = text.xcconfig; name = "Pods-Movie.debug.xcconfig"; path = "Target Support Files/Pods-Movie/Pods-Movie.debug.xcconfig"; sourceTree = "<group>"; };
		F0EC514CA29CFAAF2F158C2C /* Pods_Movie.framework */ = {isa = PBXFileReference; explicitFileType = wrapper.framework; includeInIndex = 0; path = Pods_Movie.framework; sourceTree = BUILT_PRODUCTS_DIR; };
/* End PBXFileReference section */

/* Begin PBXFrameworksBuildPhase section */
		8E08C43A287FF5430073DD4E /* Frameworks */ = {
			isa = PBXFrameworksBuildPhase;
			buildActionMask = 2147483647;
			files = (
				A885C54F3DA1BCED20424513 /* Pods_Movie.framework in Frameworks */,
			);
			runOnlyForDeploymentPostprocessing = 0;
		};
/* End PBXFrameworksBuildPhase section */

/* Begin PBXGroup section */
		30A6F42CA0A02A2152870734 /* Pods */ = {
			isa = PBXGroup;
			children = (
				A24224B143E8935CB4F8BD1B /* Pods-Movie.debug.xcconfig */,
				1A355C54699AF229C363FAE8 /* Pods-Movie.release.xcconfig */,
			);
			path = Pods;
			sourceTree = "<group>";
		};
		8E08C434287FF5430073DD4E = {
			isa = PBXGroup;
			children = (
				8E08C43F287FF5430073DD4E /* Movie */,
				8E08C43E287FF5430073DD4E /* Products */,
				30A6F42CA0A02A2152870734 /* Pods */,
				CC1FF05E5762303D899BE692 /* Frameworks */,
			);
			sourceTree = "<group>";
		};
		8E08C43E287FF5430073DD4E /* Products */ = {
			isa = PBXGroup;
			children = (
				8E08C43D287FF5430073DD4E /* Movie.app */,
			);
			name = Products;
			sourceTree = "<group>";
		};
		8E08C43F287FF5430073DD4E /* Movie */ = {
			isa = PBXGroup;
			children = (
				8EE4A533288845BD00081E2B /* Write Review */,
				8EF69F3D288145840002C297 /* MovieDetails */,
				8EF69F34288141900002C297 /* MoviesList */,
				8EEE6C7328858E8100F2CD39 /* TypeCell */,
				8E794AE328801FAE0032916A /* Network */,
				8E794AEB288046E80032916A /* Extension */,
				8E08C440287FF5430073DD4E /* AppDelegate.swift */,
				8E08C442287FF5430073DD4E /* SceneDelegate.swift */,
				8E08C449287FF5450073DD4E /* Assets.xcassets */,
				8E08C44B287FF5450073DD4E /* LaunchScreen.storyboard */,
				8E08C44E287FF5450073DD4E /* Info.plist */,
			);
			path = Movie;
			sourceTree = "<group>";
		};
		8E08C454287FFC8C0073DD4E /* Cell */ = {
			isa = PBXGroup;
			children = (
				8E08C455287FFCC10073DD4E /* MovieTableViewCell.swift */,
				8E08C456287FFCC10073DD4E /* MovieTableViewCell.xib */,
			);
			path = Cell;
			sourceTree = "<group>";
		};
		8E22CA4E288ED93500D7A5A3 /* Fonts */ = {
			isa = PBXGroup;
			children = (
				8E22CA4F288ED94A00D7A5A3 /* fonts.ttf */,
			);
			path = Fonts;
			sourceTree = "<group>";
		};
		8E794AE328801FAE0032916A /* Network */ = {
			isa = PBXGroup;
			children = (
				8E794AE528801FC90032916A /* Requests */,
				8E794AE428801FC10032916A /* Models */,
			);
			path = Network;
			sourceTree = "<group>";
		};
		8E794AE428801FC10032916A /* Models */ = {
			isa = PBXGroup;
			children = (
				8E794AE628801FE60032916A /* MovieModel.swift */,
			);
			path = Models;
			sourceTree = "<group>";
		};
		8E794AE528801FC90032916A /* Requests */ = {
			isa = PBXGroup;
			children = (
				8E794AE9288020000032916A /* Request.swift */,
			);
			path = Requests;
			sourceTree = "<group>";
		};
		8E794AEB288046E80032916A /* Extension */ = {
			isa = PBXGroup;
			children = (
				8E22CA4E288ED93500D7A5A3 /* Fonts */,
				8EE4A52A2888250F00081E2B /* Header Extension */,
				8E794AEC288046FC0032916A /* UIImageView+.swift */,
				8EF69F3E288147260002C297 /* Config.swift */,
			);
			path = Extension;
			sourceTree = "<group>";
		};
		8EE4A52A2888250F00081E2B /* Header Extension */ = {
			isa = PBXGroup;
			children = (
				8EE4A52B2888254E00081E2B /* StretchyTableHeaderView.swift */,
			);
			path = "Header Extension";
			sourceTree = "<group>";
		};
		8EE4A533288845BD00081E2B /* Write Review */ = {
			isa = PBXGroup;
			children = (
				8EE4A534288846AC00081E2B /* WriteReviews.swift */,
				8EE4A53A288846FE00081E2B /* WriteReviews.storyboard */,
			);
			path = "Write Review";
			sourceTree = "<group>";
		};
		8EEE6C7328858E8100F2CD39 /* TypeCell */ = {
			isa = PBXGroup;
			children = (
				8EEE6C7428858EB900F2CD39 /* MovieCellType.swift */,
			);
			path = TypeCell;
			sourceTree = "<group>";
		};
		8EF69F34288141900002C297 /* MoviesList */ = {
			isa = PBXGroup;
			children = (
				8E08C444287FF5430073DD4E /* ViewController.swift */,
				8E08C446287FF5430073DD4E /* Main.storyboard */,
				8E08C454287FFC8C0073DD4E /* Cell */,
			);
			path = MoviesList;
			sourceTree = "<group>";
		};
		8EF69F3D288145840002C297 /* MovieDetails */ = {
			isa = PBXGroup;
			children = (
				8EF69F36288144890002C297 /* MovieViewController.swift */,
				8EF69F3B288145790002C297 /* MovieDetails.storyboard */,
				8EFE476528819A10006303DF /* Cell */,
			);
			path = MovieDetails;
			sourceTree = "<group>";
		};
		8EFE476528819A10006303DF /* Cell */ = {
			isa = PBXGroup;
			children = (
				8EEE6C672885791800F2CD39 /* MovieCartTableViewCell.swift */,
				8EEE6C682885791800F2CD39 /* MovieCartTableViewCell.xib */,
				8EEE6C6F2885847400F2CD39 /* DescriptionTableViewCell.swift */,
				8EEE6C702885847400F2CD39 /* DescriptionTableViewCell.xib */,
				8EEE6C6B28857C8B00F2CD39 /* ReviewTableViewCell.swift */,
				8EEE6C6C28857C8B00F2CD39 /* ReviewTableViewCell.xib */,
				8EE4A526288806BE00081E2B /* NoReviewsTableViewCell.swift */,
				8EE4A527288806BE00081E2B /* NoReviewsTableViewCell.xib */,
			);
			path = Cell;
			sourceTree = "<group>";
		};
		CC1FF05E5762303D899BE692 /* Frameworks */ = {
			isa = PBXGroup;
			children = (
				F0EC514CA29CFAAF2F158C2C /* Pods_Movie.framework */,
			);
			name = Frameworks;
			sourceTree = "<group>";
		};
/* End PBXGroup section */

/* Begin PBXNativeTarget section */
		8E08C43C287FF5430073DD4E /* Movie */ = {
			isa = PBXNativeTarget;
			buildConfigurationList = 8E08C451287FF5450073DD4E /* Build configuration list for PBXNativeTarget "Movie" */;
			buildPhases = (
				7F9019CB7D96C8BA1F0E24CD /* [CP] Check Pods Manifest.lock */,
				8E08C439287FF5430073DD4E /* Sources */,
				8E08C43A287FF5430073DD4E /* Frameworks */,
				8E08C43B287FF5430073DD4E /* Resources */,
				AF5881B9DEFC9C72C30828A4 /* [CP] Embed Pods Frameworks */,
			);
			buildRules = (
			);
			dependencies = (
			);
			name = Movie;
			productName = Movie;
			productReference = 8E08C43D287FF5430073DD4E /* Movie.app */;
			productType = "com.apple.product-type.application";
		};
/* End PBXNativeTarget section */

/* Begin PBXProject section */
		8E08C435287FF5430073DD4E /* Project object */ = {
			isa = PBXProject;
			attributes = {
				BuildIndependentTargetsInParallel = 1;
				LastSwiftUpdateCheck = 1340;
				LastUpgradeCheck = 1340;
				TargetAttributes = {
					8E08C43C287FF5430073DD4E = {
						CreatedOnToolsVersion = 13.4.1;
					};
				};
			};
			buildConfigurationList = 8E08C438287FF5430073DD4E /* Build configuration list for PBXProject "Movie" */;
			compatibilityVersion = "Xcode 13.0";
			developmentRegion = en;
			hasScannedForEncodings = 0;
			knownRegions = (
				en,
				Base,
			);
			mainGroup = 8E08C434287FF5430073DD4E;
			productRefGroup = 8E08C43E287FF5430073DD4E /* Products */;
			projectDirPath = "";
			projectRoot = "";
			targets = (
				8E08C43C287FF5430073DD4E /* Movie */,
			);
		};
/* End PBXProject section */

/* Begin PBXResourcesBuildPhase section */
		8E08C43B287FF5430073DD4E /* Resources */ = {
			isa = PBXResourcesBuildPhase;
			buildActionMask = 2147483647;
			files = (
				8EEE6C6E28857C8B00F2CD39 /* ReviewTableViewCell.xib in Resources */,
				8EE4A53B288846FE00081E2B /* WriteReviews.storyboard in Resources */,
				8EEE6C6A2885791800F2CD39 /* MovieCartTableViewCell.xib in Resources */,
				8E08C44D287FF5450073DD4E /* LaunchScreen.storyboard in Resources */,
				8E22CA50288ED94A00D7A5A3 /* fonts.ttf in Resources */,
				8E08C44A287FF5450073DD4E /* Assets.xcassets in Resources */,
				8EF69F3C288145790002C297 /* MovieDetails.storyboard in Resources */,
				8EEE6C722885847400F2CD39 /* DescriptionTableViewCell.xib in Resources */,
				8EE4A529288806BE00081E2B /* NoReviewsTableViewCell.xib in Resources */,
				8E08C458287FFCC10073DD4E /* MovieTableViewCell.xib in Resources */,
				8E08C448287FF5430073DD4E /* Main.storyboard in Resources */,
			);
			runOnlyForDeploymentPostprocessing = 0;
		};
/* End PBXResourcesBuildPhase section */

/* Begin PBXShellScriptBuildPhase section */
		7F9019CB7D96C8BA1F0E24CD /* [CP] Check Pods Manifest.lock */ = {
			isa = PBXShellScriptBuildPhase;
			buildActionMask = 2147483647;
			files = (
			);
			inputFileListPaths = (
			);
			inputPaths = (
				"${PODS_PODFILE_DIR_PATH}/Podfile.lock",
				"${PODS_ROOT}/Manifest.lock",
			);
			name = "[CP] Check Pods Manifest.lock";
			outputFileListPaths = (
			);
			outputPaths = (
				"$(DERIVED_FILE_DIR)/Pods-Movie-checkManifestLockResult.txt",
			);
			runOnlyForDeploymentPostprocessing = 0;
			shellPath = /bin/sh;
			shellScript = "diff \"${PODS_PODFILE_DIR_PATH}/Podfile.lock\" \"${PODS_ROOT}/Manifest.lock\" > /dev/null\nif [ $? != 0 ] ; then\n    # print error to STDERR\n    echo \"error: The sandbox is not in sync with the Podfile.lock. Run 'pod install' or update your CocoaPods installation.\" >&2\n    exit 1\nfi\n# This output is used by Xcode 'outputs' to avoid re-running this script phase.\necho \"SUCCESS\" > \"${SCRIPT_OUTPUT_FILE_0}\"\n";
			showEnvVarsInLog = 0;
		};
		AF5881B9DEFC9C72C30828A4 /* [CP] Embed Pods Frameworks */ = {
			isa = PBXShellScriptBuildPhase;
			buildActionMask = 2147483647;
			files = (
			);
			inputFileListPaths = (
				"${PODS_ROOT}/Target Support Files/Pods-Movie/Pods-Movie-frameworks-${CONFIGURATION}-input-files.xcfilelist",
			);
			name = "[CP] Embed Pods Frameworks";
			outputFileListPaths = (
				"${PODS_ROOT}/Target Support Files/Pods-Movie/Pods-Movie-frameworks-${CONFIGURATION}-output-files.xcfilelist",
			);
			runOnlyForDeploymentPostprocessing = 0;
			shellPath = /bin/sh;
			shellScript = "\"${PODS_ROOT}/Target Support Files/Pods-Movie/Pods-Movie-frameworks.sh\"\n";
			showEnvVarsInLog = 0;
		};
/* End PBXShellScriptBuildPhase section */

/* Begin PBXSourcesBuildPhase section */
		8E08C439287FF5430073DD4E /* Sources */ = {
			isa = PBXSourcesBuildPhase;
			buildActionMask = 2147483647;
			files = (
				8E08C445287FF5430073DD4E /* ViewController.swift in Sources */,
				8EEE6C7528858EB900F2CD39 /* MovieCellType.swift in Sources */,
				8E08C441287FF5430073DD4E /* AppDelegate.swift in Sources */,
				8EF69F3F288147260002C297 /* Config.swift in Sources */,
				8E794AED288046FC0032916A /* UIImageView+.swift in Sources */,
				8EF69F38288144890002C297 /* MovieViewController.swift in Sources */,
				8EE4A52C2888254E00081E2B /* StretchyTableHeaderView.swift in Sources */,
				8E794AE728801FE60032916A /* MovieModel.swift in Sources */,
				8EEE6C692885791800F2CD39 /* MovieCartTableViewCell.swift in Sources */,
				8EEE6C6D28857C8B00F2CD39 /* ReviewTableViewCell.swift in Sources */,
				8E08C457287FFCC10073DD4E /* MovieTableViewCell.swift in Sources */,
				8EE4A528288806BE00081E2B /* NoReviewsTableViewCell.swift in Sources */,
				8E08C443287FF5430073DD4E /* SceneDelegate.swift in Sources */,
				8EEE6C712885847400F2CD39 /* DescriptionTableViewCell.swift in Sources */,
				8EE4A536288846AC00081E2B /* WriteReviews.swift in Sources */,
				8E794AEA288020000032916A /* Request.swift in Sources */,
			);
			runOnlyForDeploymentPostprocessing = 0;
		};
/* End PBXSourcesBuildPhase section */

/* Begin PBXVariantGroup section */
		8E08C446287FF5430073DD4E /* Main.storyboard */ = {
			isa = PBXVariantGroup;
			children = (
				8E08C447287FF5430073DD4E /* Base */,
			);
			name = Main.storyboard;
			sourceTree = "<group>";
		};
		8E08C44B287FF5450073DD4E /* LaunchScreen.storyboard */ = {
			isa = PBXVariantGroup;
			children = (
				8E08C44C287FF5450073DD4E /* Base */,
			);
			name = LaunchScreen.storyboard;
			sourceTree = "<group>";
		};
/* End PBXVariantGroup section */

/* Begin XCBuildConfiguration section */
		8E08C44F287FF5450073DD4E /* Debug */ = {
			isa = XCBuildConfiguration;
			buildSettings = {
				ALWAYS_SEARCH_USER_PATHS = NO;
				CLANG_ANALYZER_NONNULL = YES;
				CLANG_ANALYZER_NUMBER_OBJECT_CONVERSION = YES_AGGRESSIVE;
				CLANG_CXX_LANGUAGE_STANDARD = "gnu++17";
				CLANG_ENABLE_MODULES = YES;
				CLANG_ENABLE_OBJC_ARC = YES;
				CLANG_ENABLE_OBJC_WEAK = YES;
				CLANG_WARN_BLOCK_CAPTURE_AUTORELEASING = YES;
				CLANG_WARN_BOOL_CONVERSION = YES;
				CLANG_WARN_COMMA = YES;
				CLANG_WARN_CONSTANT_CONVERSION = YES;
				CLANG_WARN_DEPRECATED_OBJC_IMPLEMENTATIONS = YES;
				CLANG_WARN_DIRECT_OBJC_ISA_USAGE = YES_ERROR;
				CLANG_WARN_DOCUMENTATION_COMMENTS = YES;
				CLANG_WARN_EMPTY_BODY = YES;
				CLANG_WARN_ENUM_CONVERSION = YES;
				CLANG_WARN_INFINITE_RECURSION = YES;
				CLANG_WARN_INT_CONVERSION = YES;
				CLANG_WARN_NON_LITERAL_NULL_CONVERSION = YES;
				CLANG_WARN_OBJC_IMPLICIT_RETAIN_SELF = YES;
				CLANG_WARN_OBJC_LITERAL_CONVERSION = YES;
				CLANG_WARN_OBJC_ROOT_CLASS = YES_ERROR;
				CLANG_WARN_QUOTED_INCLUDE_IN_FRAMEWORK_HEADER = YES;
				CLANG_WARN_RANGE_LOOP_ANALYSIS = YES;
				CLANG_WARN_STRICT_PROTOTYPES = YES;
				CLANG_WARN_SUSPICIOUS_MOVE = YES;
				CLANG_WARN_UNGUARDED_AVAILABILITY = YES_AGGRESSIVE;
				CLANG_WARN_UNREACHABLE_CODE = YES;
				CLANG_WARN__DUPLICATE_METHOD_MATCH = YES;
				COPY_PHASE_STRIP = NO;
				DEBUG_INFORMATION_FORMAT = dwarf;
				ENABLE_STRICT_OBJC_MSGSEND = YES;
				ENABLE_TESTABILITY = YES;
				GCC_C_LANGUAGE_STANDARD = gnu11;
				GCC_DYNAMIC_NO_PIC = NO;
				GCC_NO_COMMON_BLOCKS = YES;
				GCC_OPTIMIZATION_LEVEL = 0;
				GCC_PREPROCESSOR_DEFINITIONS = (
					"DEBUG=1",
					"$(inherited)",
				);
				GCC_WARN_64_TO_32_BIT_CONVERSION = YES;
				GCC_WARN_ABOUT_RETURN_TYPE = YES_ERROR;
				GCC_WARN_UNDECLARED_SELECTOR = YES;
				GCC_WARN_UNINITIALIZED_AUTOS = YES_AGGRESSIVE;
				GCC_WARN_UNUSED_FUNCTION = YES;
				GCC_WARN_UNUSED_VARIABLE = YES;
				IPHONEOS_DEPLOYMENT_TARGET = 15.5;
				MTL_ENABLE_DEBUG_INFO = INCLUDE_SOURCE;
				MTL_FAST_MATH = YES;
				ONLY_ACTIVE_ARCH = YES;
				SDKROOT = iphoneos;
				SWIFT_ACTIVE_COMPILATION_CONDITIONS = DEBUG;
				SWIFT_OPTIMIZATION_LEVEL = "-Onone";
			};
			name = Debug;
		};
		8E08C450287FF5450073DD4E /* Release */ = {
			isa = XCBuildConfiguration;
			buildSettings = {
				ALWAYS_SEARCH_USER_PATHS = NO;
				CLANG_ANALYZER_NONNULL = YES;
				CLANG_ANALYZER_NUMBER_OBJECT_CONVERSION = YES_AGGRESSIVE;
				CLANG_CXX_LANGUAGE_STANDARD = "gnu++17";
				CLANG_ENABLE_MODULES = YES;
				CLANG_ENABLE_OBJC_ARC = YES;
				CLANG_ENABLE_OBJC_WEAK = YES;
				CLANG_WARN_BLOCK_CAPTURE_AUTORELEASING = YES;
				CLANG_WARN_BOOL_CONVERSION = YES;
				CLANG_WARN_COMMA = YES;
				CLANG_WARN_CONSTANT_CONVERSION = YES;
				CLANG_WARN_DEPRECATED_OBJC_IMPLEMENTATIONS = YES;
				CLANG_WARN_DIRECT_OBJC_ISA_USAGE = YES_ERROR;
				CLANG_WARN_DOCUMENTATION_COMMENTS = YES;
				CLANG_WARN_EMPTY_BODY = YES;
				CLANG_WARN_ENUM_CONVERSION = YES;
				CLANG_WARN_INFINITE_RECURSION = YES;
				CLANG_WARN_INT_CONVERSION = YES;
				CLANG_WARN_NON_LITERAL_NULL_CONVERSION = YES;
				CLANG_WARN_OBJC_IMPLICIT_RETAIN_SELF = YES;
				CLANG_WARN_OBJC_LITERAL_CONVERSION = YES;
				CLANG_WARN_OBJC_ROOT_CLASS = YES_ERROR;
				CLANG_WARN_QUOTED_INCLUDE_IN_FRAMEWORK_HEADER = YES;
				CLANG_WARN_RANGE_LOOP_ANALYSIS = YES;
				CLANG_WARN_STRICT_PROTOTYPES = YES;
				CLANG_WARN_SUSPICIOUS_MOVE = YES;
				CLANG_WARN_UNGUARDED_AVAILABILITY = YES_AGGRESSIVE;
				CLANG_WARN_UNREACHABLE_CODE = YES;
				CLANG_WARN__DUPLICATE_METHOD_MATCH = YES;
				COPY_PHASE_STRIP = NO;
				DEBUG_INFORMATION_FORMAT = "dwarf-with-dsym";
				ENABLE_NS_ASSERTIONS = NO;
				ENABLE_STRICT_OBJC_MSGSEND = YES;
				GCC_C_LANGUAGE_STANDARD = gnu11;
				GCC_NO_COMMON_BLOCKS = YES;
				GCC_WARN_64_TO_32_BIT_CONVERSION = YES;
				GCC_WARN_ABOUT_RETURN_TYPE = YES_ERROR;
				GCC_WARN_UNDECLARED_SELECTOR = YES;
				GCC_WARN_UNINITIALIZED_AUTOS = YES_AGGRESSIVE;
				GCC_WARN_UNUSED_FUNCTION = YES;
				GCC_WARN_UNUSED_VARIABLE = YES;
				IPHONEOS_DEPLOYMENT_TARGET = 15.5;
				MTL_ENABLE_DEBUG_INFO = NO;
				MTL_FAST_MATH = YES;
				SDKROOT = iphoneos;
				SWIFT_COMPILATION_MODE = wholemodule;
				SWIFT_OPTIMIZATION_LEVEL = "-O";
				VALIDATE_PRODUCT = YES;
			};
			name = Release;
		};
		8E08C452287FF5450073DD4E /* Debug */ = {
			isa = XCBuildConfiguration;
			baseConfigurationReference = A24224B143E8935CB4F8BD1B /* Pods-Movie.debug.xcconfig */;
			buildSettings = {
				ASSETCATALOG_COMPILER_APPICON_NAME = AppIcon;
				ASSETCATALOG_COMPILER_GLOBAL_ACCENT_COLOR_NAME = AccentColor;
				CODE_SIGN_STYLE = Automatic;
				CURRENT_PROJECT_VERSION = 1;
				DEVELOPMENT_TEAM = W7Y7LFP4T3;
				GENERATE_INFOPLIST_FILE = YES;
				INFOPLIST_FILE = Movie/Info.plist;
				INFOPLIST_KEY_UIApplicationSupportsIndirectInputEvents = YES;
				INFOPLIST_KEY_UILaunchStoryboardName = LaunchScreen;
				INFOPLIST_KEY_UIMainStoryboardFile = Main;
				INFOPLIST_KEY_UISupportedInterfaceOrientations_iPad = "UIInterfaceOrientationPortrait UIInterfaceOrientationPortraitUpsideDown UIInterfaceOrientationLandscapeLeft UIInterfaceOrientationLandscapeRight";
				INFOPLIST_KEY_UISupportedInterfaceOrientations_iPhone = "UIInterfaceOrientationPortrait UIInterfaceOrientationLandscapeLeft UIInterfaceOrientationLandscapeRight";
				LD_RUNPATH_SEARCH_PATHS = (
					"$(inherited)",
					"@executable_path/Frameworks",
				);
				MARKETING_VERSION = 1.0;
				PRODUCT_BUNDLE_IDENTIFIER = com.PesonalTes.Movie;
				PRODUCT_NAME = "$(TARGET_NAME)";
				SWIFT_EMIT_LOC_STRINGS = YES;
				SWIFT_VERSION = 5.0;
				TARGETED_DEVICE_FAMILY = "1,2";
			};
			name = Debug;
		};
		8E08C453287FF5450073DD4E /* Release */ = {
			isa = XCBuildConfiguration;
			baseConfigurationReference = 1A355C54699AF229C363FAE8 /* Pods-Movie.release.xcconfig */;
			buildSettings = {
				ASSETCATALOG_COMPILER_APPICON_NAME = AppIcon;
				ASSETCATALOG_COMPILER_GLOBAL_ACCENT_COLOR_NAME = AccentColor;
				CODE_SIGN_STYLE = Automatic;
				CURRENT_PROJECT_VERSION = 1;
				DEVELOPMENT_TEAM = W7Y7LFP4T3;
				GENERATE_INFOPLIST_FILE = YES;
				INFOPLIST_FILE = Movie/Info.plist;
				INFOPLIST_KEY_UIApplicationSupportsIndirectInputEvents = YES;
				INFOPLIST_KEY_UILaunchStoryboardName = LaunchScreen;
				INFOPLIST_KEY_UIMainStoryboardFile = Main;
				INFOPLIST_KEY_UISupportedInterfaceOrientations_iPad = "UIInterfaceOrientationPortrait UIInterfaceOrientationPortraitUpsideDown UIInterfaceOrientationLandscapeLeft UIInterfaceOrientationLandscapeRight";
				INFOPLIST_KEY_UISupportedInterfaceOrientations_iPhone = "UIInterfaceOrientationPortrait UIInterfaceOrientationLandscapeLeft UIInterfaceOrientationLandscapeRight";
				LD_RUNPATH_SEARCH_PATHS = (
					"$(inherited)",
					"@executable_path/Frameworks",
				);
				MARKETING_VERSION = 1.0;
				PRODUCT_BUNDLE_IDENTIFIER = com.PesonalTes.Movie;
				PRODUCT_NAME = "$(TARGET_NAME)";
				SWIFT_EMIT_LOC_STRINGS = YES;
				SWIFT_VERSION = 5.0;
				TARGETED_DEVICE_FAMILY = "1,2";
			};
			name = Release;
		};
/* End XCBuildConfiguration section */

/* Begin XCConfigurationList section */
		8E08C438287FF5430073DD4E /* Build configuration list for PBXProject "Movie" */ = {
			isa = XCConfigurationList;
			buildConfigurations = (
				8E08C44F287FF5450073DD4E /* Debug */,
				8E08C450287FF5450073DD4E /* Release */,
			);
			defaultConfigurationIsVisible = 0;
			defaultConfigurationName = Release;
		};
		8E08C451287FF5450073DD4E /* Build configuration list for PBXNativeTarget "Movie" */ = {
			isa = XCConfigurationList;
			buildConfigurations = (
				8E08C452287FF5450073DD4E /* Debug */,
				8E08C453287FF5450073DD4E /* Release */,
			);
			defaultConfigurationIsVisible = 0;
			defaultConfigurationName = Release;
		};
/* End XCConfigurationList section */
	};
	rootObject = 8E08C435287FF5430073DD4E /* Project object */;
}
